{
  "nodes": {
    "infuse-src": {
      "flake": false,
      "locked": {
        "lastModified": 1773019533,
        "narHash": "sha256-A64LGUnvoMH/YNfC6/N8XWOSfJCxyy3gAL/l3Kc3o6I=",
        "rev": "aeac34ccc42fd4c4a22fdf6c908affcfd4cf0ef5",
        "type": "tarball",
        "url": "https://codeberg.org/api/v1/repos/awarina/infuse.nix/archive/aeac34ccc42fd4c4a22fdf6c908affcfd4cf0ef5.tar.gz"
      },
      "original": {
        "type": "tarball",
        "url": "https://codeberg.org/awarina/infuse.nix/archive/trunk.tar.gz"
      }
    },
    "nixpkgs": {
      "locked": {
        "lastModified": 1748026106,
        "narHash": "sha256-6m1Y3/4pVw1RWTsrkAK2VMYSzG4MMIj7sqUy7o8th1o=",
        "owner": "nixos",
        "repo": "nixpkgs",
        "rev": "063f43f2dbdef86376cc29ad646c45c46e93234c",
        "type": "github"
      },
      "original": {
        "owner": "nixos",
        "ref": "nixos-unstable",
        "repo": "nixpkgs",
        "type": "github"
      }
    },
    "pac-nix": {
      "inputs": {
        "nixpkgs": "nixpkgs"
      },
      "locked": {
        "lastModified": 1773815390,
        "narHash": "sha256-bSarXWqhjZ34G0xWbcMydqSpfejV2Ph4UkgxgP8M1co=",
        "owner": "katrinafyi",
        "repo": "pac-nix",
        "rev": "67e71eeb03a9fc5e571563354c0f46b3f4994346",
        "type": "github"
      },
      "original": {
        "owner": "katrinafyi",
        "repo": "pac-nix",
        "type": "github"
      }
    },
    "root": {
      "inputs": {
        "infuse-src": "infuse-src",
        "pac-nix": "pac-nix"
      }
    }
  },
  "root": "root",
  "version": 7
}
