{
  "nodes": {
    "infuse-src": {
      "flake": false,
      "locked": {
        "lastModified": 1773019533,
        "narHash": "sha256-A64LGUnvoMH/YNfC6/N8XWOSfJCxyy3gAL/l3Kc3o6I=",
        "rev": "aeac34ccc42fd4c4a22fdf6c908affcfd4cf0ef5",
        "type": "tarball",
        "url": "https://codeberg.org/api/v1/repos/awarina/infuse.nix/archive/aeac34ccc42fd4c4a22fdf6c908affcfd4cf0ef5.tar.gz"
      },
      "original": {
        "type": "tarball",
        "url": "https://codeberg.org/awarina/infuse.nix/archive/trunk.tar.gz"
      }
    },
    "nixpkgs": {
      "locked": {
        "lastModified": 1772525000,
        "narHash": "sha256-M7kpjimt0jdEQzmin6ptszf8ev7TVzibyZNSLaLquMM=",
        "owner": "nixos",
        "repo": "nixpkgs",
        "rev": "72b1d820cb0149b40a35aa077b4b6d60cd1b23c3",
        "type": "github"
      },
      "original": {
        "owner": "nixos",
        "ref": "nixpkgs-unstable",
        "repo": "nixpkgs",
        "type": "github"
      }
    },
    "pac-nix-for-bnfc-treesitter": {
      "flake": false,
      "locked": {
        "lastModified": 1774230759,
        "narHash": "sha256-59UoGRNQQtmN0FIOT4X6p1ysZ/9IeeNOIrrtBnySHiA=",
        "owner": "katrinafyi",
        "repo": "pac-nix",
        "rev": "4bddb337696a615f9ea9871c5fcfbdb796d6f632",
        "type": "github"
      },
      "original": {
        "owner": "katrinafyi",
        "repo": "pac-nix",
        "type": "github"
      }
    },
    "root": {
      "inputs": {
        "infuse-src": "infuse-src",
        "nixpkgs": "nixpkgs",
        "pac-nix-for-bnfc-treesitter": "pac-nix-for-bnfc-treesitter"
      }
    }
  },
  "root": "root",
  "version": 7
}
