{
  "nodes": {
    "infuse-src": {
      "flake": false,
      "locked": {
        "lastModified": 1773019533,
        "narHash": "sha256-A64LGUnvoMH/YNfC6/N8XWOSfJCxyy3gAL/l3Kc3o6I=",
        "rev": "aeac34ccc42fd4c4a22fdf6c908affcfd4cf0ef5",
        "type": "tarball",
        "url": "https://codeberg.org/api/v1/repos/awarina/infuse.nix/archive/aeac34ccc42fd4c4a22fdf6c908affcfd4cf0ef5.tar.gz"
      },
      "original": {
        "type": "tarball",
        "url": "https://codeberg.org/awarina/infuse.nix/archive/trunk.tar.gz"
      }
    },
    "nixpkgs": {
      "locked": {
        "lastModified": 1773840656,
        "narHash": "sha256-9tpvMGFteZnd3gRQZFlRCohVpqooygFuy9yjuyRL2C0=",
        "owner": "nixos",
        "repo": "nixpkgs",
        "rev": "9cf7092bdd603554bd8b63c216e8943cf9b12512",
        "type": "github"
      },
      "original": {
        "owner": "nixos",
        "ref": "nixpkgs-unstable",
        "repo": "nixpkgs",
        "type": "github"
      }
    },
    "nixpkgs_2": {
      "locked": {
        "lastModified": 1773821835,
        "narHash": "sha256-TJ3lSQtW0E2JrznGVm8hOQGVpXjJyXY2guAxku2O9A4=",
        "owner": "nixos",
        "repo": "nixpkgs",
        "rev": "b40629efe5d6ec48dd1efba650c797ddbd39ace0",
        "type": "github"
      },
      "original": {
        "owner": "nixos",
        "ref": "nixos-unstable",
        "repo": "nixpkgs",
        "type": "github"
      }
    },
    "pac-nix": {
      "inputs": {
        "nixpkgs": "nixpkgs_2"
      },
      "locked": {
        "lastModified": 1773815390,
        "narHash": "sha256-bSarXWqhjZ34G0xWbcMydqSpfejV2Ph4UkgxgP8M1co=",
        "owner": "katrinafyi",
        "repo": "pac-nix",
        "rev": "67e71eeb03a9fc5e571563354c0f46b3f4994346",
        "type": "github"
      },
      "original": {
        "owner": "katrinafyi",
        "repo": "pac-nix",
        "type": "github"
      }
    },
    "root": {
      "inputs": {
        "infuse-src": "infuse-src",
        "nixpkgs": "nixpkgs",
        "pac-nix": "pac-nix"
      }
    }
  },
  "root": "root",
  "version": 7
}
